
Microsoft Visual Studio Solution File, Format Version 12.00
# Visual Studio Version 16
VisualStudioVersion = 16.0.28803.452
MinimumVisualStudioVersion = 10.0.40219.1
Project("{FAE04EC0-301F-11D3-BF4B-00C04F79EFBC}") = "DishUp", "DishUp\DishUp.csproj", "{6C337ADB-6FAB-48A6-AA90-EED107D095DD}"
EndProject
Global
	GlobalSection(SolutionConfigurationPlatforms) = preSolution
		Debug|Any CPU = Debug|Any CPU
		Release|Any CPU = Release|Any CPU
	EndGlobalSection
	GlobalSection(ProjectConfigurationPlatforms) = postSolution
		{6C337ADB-6FAB-48A6-AA90-EED107D095DD}.Debug|Any CPU.ActiveCfg = Debug|Any CPU
		{6C337ADB-6FAB-48A6-AA90-EED107D095DD}.Debug|Any CPU.Build.0 = Debug|Any CPU
		{6C337ADB-6FAB-48A6-AA90-EED107D095DD}.Release|Any CPU.ActiveCfg = Release|Any CPU
		{6C337ADB-6FAB-48A6-AA90-EED107D095DD}.Release|Any CPU.Build.0 = Release|Any CPU
	EndGlobalSection
	GlobalSection(SolutionProperties) = preSolution
		HideSolutionNode = FALSE
	EndGlobalSection
	GlobalSection(ExtensibilityGlobals) = postSolution
		SolutionGuid = {763150EA-0CB0-4CAC-A4FC-4E1891271FB2}
	EndGlobalSection
EndGlobal
